
Microsoft Visual Studio Solution File, Format Version 12.00
# Visual Studio 15
VisualStudioVersion = 15.0.27004.2005
MinimumVisualStudioVersion = 10.0.40219.1
Project("{8BC9CEB8-8B4A-11D0-8D11-00A0C91BC942}") = "OpenVideo", "OpenVideo\OpenVideo.vcxproj", "{08B18DB5-1002-43D8-83B8-DB876FCC4931}"
EndProject
Project("{8BC9CEB8-8B4A-11D0-8D11-00A0C91BC942}") = "HelloOpenCV_3_0", "HelloOpenCV_3_0\HelloOpenCV_3_0.vcxproj", "{35F541EF-97E7-4C3C-9F63-0BE19E9EEA04}"
EndProject
Project("{8BC9CEB8-8B4A-11D0-8D11-00A0C91BC942}") = "Scratchpad", "Scratchpad\Scratchpad.vcxproj", "{5A7DF7C5-0DD6-4C98-AFB5-90867206CE0C}"
EndProject
Project("{8BC9CEB8-8B4A-11D0-8D11-00A0C91BC942}") = "HelloOpenCV_2_4_8", "HelloOpenCV_2_4_8\HelloOpenCV_2_4_8.vcxproj", "{2587D061-67CC-45C7-A204-129E34AFE565}"
EndProject
Project("{8BC9CEB8-8B4A-11D0-8D11-00A0C91BC942}") = "MovementDetection", "MovementDetection\MovementDetection.vcxproj", "{4E266ED1-689D-4315-83D1-48D86D8A5F0B}"
EndProject
Project("{8BC9CEB8-8B4A-11D0-8D11-00A0C91BC942}") = "lab10_detectionDescriptionMatching", "lab10_detectionDescriptionMatching\lab10_detectionDescriptionMatching.vcxproj", "{F5E4D5F7-6BB4-4C80-95F1-E76B569FD20C}"
EndProject
Project("{8BC9CEB8-8B4A-11D0-8D11-00A0C91BC942}") = "lbp_tests", "lbp_tests\lbp_tests.vcxproj", "{62E9B970-E622-4CB6-B5A3-5876DAC6441C}"
EndProject
Project("{8BC9CEB8-8B4A-11D0-8D11-00A0C91BC942}") = "task_1_open_file", "2015.05.11_workshop\task_1_open_file\task_1_open_file.vcxproj", "{FD539F90-8A82-45B6-852F-AEFE536C88FE}"
EndProject
Project("{2150E333-8FDC-42A3-9474-1A3956D46DE8}") = "2015.05.11_workshop", "2015.05.11_workshop", "{DB180190-F77F-42D3-B53D-A353674F6A93}"
EndProject
Project("{8BC9CEB8-8B4A-11D0-8D11-00A0C91BC942}") = "task_2_pixel_manipulation", "2015.05.11_workshop\task_2_pixel_manipulation\task_2_pixel_manipulation.vcxproj", "{BF191012-3493-4169-B601-9E38546FCA7B}"
EndProject
Project("{8BC9CEB8-8B4A-11D0-8D11-00A0C91BC942}") = "task_3_scan_image", "2015.05.11_workshop\task_3_scan_image\task_3_scan_image.vcxproj", "{B9471629-D4FB-4BA2-B363-4EE713880E46}"
EndProject
Project("{8BC9CEB8-8B4A-11D0-8D11-00A0C91BC942}") = "task_4_thresholding", "2015.05.11_workshop\task_4_thresholding\task_4_thresholding.vcxproj", "{8816109D-8A30-4DCA-8ACF-96657073A568}"
EndProject
Project("{8BC9CEB8-8B4A-11D0-8D11-00A0C91BC942}") = "task_5_contour_detection", "2015.05.11_workshop\task_5_contour_detection\task_5_contour_detection.vcxproj", "{3B30E429-45AA-4590-A3C6-DF50D4B7C7F3}"
EndProject
Project("{8BC9CEB8-8B4A-11D0-8D11-00A0C91BC942}") = "task_6_structural_analysis", "2015.05.11_workshop\task_6_structural_analysis\task_6_structural_analysis.vcxproj", "{745BBC3A-941C-48B4-B476-94B6C7E32B2E}"
EndProject
Project("{8BC9CEB8-8B4A-11D0-8D11-00A0C91BC942}") = "utility_encode_image", "2015.05.11_workshop\utility_encode_image\utility_encode_image.vcxproj", "{87901042-C740-4A98-9E96-BC5BA6A01845}"
EndProject
Project("{8BC9CEB8-8B4A-11D0-8D11-00A0C91BC942}") = "lab_02_03_04_pixelOperationsAndFiltering", "lab_02_03_04_pixelOperationsAndFiltering\lab_02_03_04_pixelOperationsAndFiltering.vcxproj", "{4E9ED0D6-FC9A-494D-845A-41D4710F03B3}"
EndProject
Project("{8BC9CEB8-8B4A-11D0-8D11-00A0C91BC942}") = "lab_01_dataTypes", "lab_01_dataTypes\lab_01_dataTypes.vcxproj", "{6BBAB4C0-40B8-4AD9-8B04-AFF0E9C4F93B}"
EndProject
Project("{8BC9CEB8-8B4A-11D0-8D11-00A0C91BC942}") = "lab_06_cameraCalibration", "lab_06_cameraCalibration\lab_06_cameraCalibration.vcxproj", "{7F87987A-1643-4A5E-9777-0A761BDBA4AE}"
EndProject
Project("{8BC9CEB8-8B4A-11D0-8D11-00A0C91BC942}") = "lab_07_resize_perspective_transform", "lab_07_resize_perspective_transform\lab_07_resize_perspective_transform.vcxproj", "{90C15394-3D32-4788-B58E-63A49A215705}"
EndProject
Project("{8BC9CEB8-8B4A-11D0-8D11-00A0C91BC942}") = "lab_09_structural_analysis_and_contour_detection", "lab_09_structural_analysis_and_contour_detection\lab_09_structural_analysis_and_contour_detection.vcxproj", "{C99541B1-EEA1-468F-ACB0-22875FE2F4BB}"
EndProject
Project("{8BC9CEB8-8B4A-11D0-8D11-00A0C91BC942}") = "lab_11_object_detection", "lab_11_object_detection\lab_11_object_detection.vcxproj", "{126C2E6E-9ECE-4E40-9966-C12352F41941}"
EndProject
Project("{8BC9CEB8-8B4A-11D0-8D11-00A0C91BC942}") = "vcpkg", "vcpkg\vcpkg.vcxproj", "{33122918-B78B-4841-8598-FD8B4CA79BB4}"
EndProject
Project("{8BC9CEB8-8B4A-11D0-8D11-00A0C91BC942}") = "lab_08_movement_detection", "lab_08_movement_detection\lab_08_movement_detection.vcxproj", "{B6AC0A8A-35A5-4A9C-9547-A1A7786B115A}"
EndProject
Project("{8BC9CEB8-8B4A-11D0-8D11-00A0C91BC942}") = "lab_05_edgeDetection", "lab_05_edgeDetection\lab_05_edgeDetection.vcxproj", "{63273706-703B-4F6D-A4CA-9BF7226A14B6}"
EndProject
Global
	GlobalSection(SolutionConfigurationPlatforms) = preSolution
		Debug|Mixed Platforms = Debug|Mixed Platforms
		Debug|Win32 = Debug|Win32
		Debug|x64 = Debug|x64
		Release|Mixed Platforms = Release|Mixed Platforms
		Release|Win32 = Release|Win32
		Release|x64 = Release|x64
	EndGlobalSection
	GlobalSection(ProjectConfigurationPlatforms) = postSolution
		{08B18DB5-1002-43D8-83B8-DB876FCC4931}.Debug|Mixed Platforms.ActiveCfg = Debug|Win32
		{08B18DB5-1002-43D8-83B8-DB876FCC4931}.Debug|Mixed Platforms.Build.0 = Debug|Win32
		{08B18DB5-1002-43D8-83B8-DB876FCC4931}.Debug|Win32.ActiveCfg = Debug|Win32
		{08B18DB5-1002-43D8-83B8-DB876FCC4931}.Debug|Win32.Build.0 = Debug|Win32
		{08B18DB5-1002-43D8-83B8-DB876FCC4931}.Debug|x64.ActiveCfg = Debug|Win32
		{08B18DB5-1002-43D8-83B8-DB876FCC4931}.Release|Mixed Platforms.ActiveCfg = Release|Win32
		{08B18DB5-1002-43D8-83B8-DB876FCC4931}.Release|Mixed Platforms.Build.0 = Release|Win32
		{08B18DB5-1002-43D8-83B8-DB876FCC4931}.Release|Win32.ActiveCfg = Release|Win32
		{08B18DB5-1002-43D8-83B8-DB876FCC4931}.Release|Win32.Build.0 = Release|Win32
		{08B18DB5-1002-43D8-83B8-DB876FCC4931}.Release|x64.ActiveCfg = Release|Win32
		{35F541EF-97E7-4C3C-9F63-0BE19E9EEA04}.Debug|Mixed Platforms.ActiveCfg = Debug|Win32
		{35F541EF-97E7-4C3C-9F63-0BE19E9EEA04}.Debug|Mixed Platforms.Build.0 = Debug|Win32
		{35F541EF-97E7-4C3C-9F63-0BE19E9EEA04}.Debug|Win32.ActiveCfg = Debug|Win32
		{35F541EF-97E7-4C3C-9F63-0BE19E9EEA04}.Debug|Win32.Build.0 = Debug|Win32
		{35F541EF-97E7-4C3C-9F63-0BE19E9EEA04}.Debug|x64.ActiveCfg = Debug|Win32
		{35F541EF-97E7-4C3C-9F63-0BE19E9EEA04}.Release|Mixed Platforms.ActiveCfg = Release|Win32
		{35F541EF-97E7-4C3C-9F63-0BE19E9EEA04}.Release|Mixed Platforms.Build.0 = Release|Win32
		{35F541EF-97E7-4C3C-9F63-0BE19E9EEA04}.Release|Win32.ActiveCfg = Release|Win32
		{35F541EF-97E7-4C3C-9F63-0BE19E9EEA04}.Release|Win32.Build.0 = Release|Win32
		{35F541EF-97E7-4C3C-9F63-0BE19E9EEA04}.Release|x64.ActiveCfg = Release|Win32
		{5A7DF7C5-0DD6-4C98-AFB5-90867206CE0C}.Debug|Mixed Platforms.ActiveCfg = Debug|Win32
		{5A7DF7C5-0DD6-4C98-AFB5-90867206CE0C}.Debug|Mixed Platforms.Build.0 = Debug|Win32
		{5A7DF7C5-0DD6-4C98-AFB5-90867206CE0C}.Debug|Win32.ActiveCfg = Debug|Win32
		{5A7DF7C5-0DD6-4C98-AFB5-90867206CE0C}.Debug|Win32.Build.0 = Debug|Win32
		{5A7DF7C5-0DD6-4C98-AFB5-90867206CE0C}.Debug|x64.ActiveCfg = Debug|Win32
		{5A7DF7C5-0DD6-4C98-AFB5-90867206CE0C}.Release|Mixed Platforms.ActiveCfg = Release|Win32
		{5A7DF7C5-0DD6-4C98-AFB5-90867206CE0C}.Release|Mixed Platforms.Build.0 = Release|Win32
		{5A7DF7C5-0DD6-4C98-AFB5-90867206CE0C}.Release|Win32.ActiveCfg = Release|Win32
		{5A7DF7C5-0DD6-4C98-AFB5-90867206CE0C}.Release|Win32.Build.0 = Release|Win32
		{5A7DF7C5-0DD6-4C98-AFB5-90867206CE0C}.Release|x64.ActiveCfg = Release|Win32
		{2587D061-67CC-45C7-A204-129E34AFE565}.Debug|Mixed Platforms.ActiveCfg = Debug|Win32
		{2587D061-67CC-45C7-A204-129E34AFE565}.Debug|Mixed Platforms.Build.0 = Debug|Win32
		{2587D061-67CC-45C7-A204-129E34AFE565}.Debug|Win32.ActiveCfg = Debug|Win32
		{2587D061-67CC-45C7-A204-129E34AFE565}.Debug|Win32.Build.0 = Debug|Win32
		{2587D061-67CC-45C7-A204-129E34AFE565}.Debug|x64.ActiveCfg = Debug|Win32
		{2587D061-67CC-45C7-A204-129E34AFE565}.Release|Mixed Platforms.ActiveCfg = Release|Win32
		{2587D061-67CC-45C7-A204-129E34AFE565}.Release|Mixed Platforms.Build.0 = Release|Win32
		{2587D061-67CC-45C7-A204-129E34AFE565}.Release|Win32.ActiveCfg = Release|Win32
		{2587D061-67CC-45C7-A204-129E34AFE565}.Release|Win32.Build.0 = Release|Win32
		{2587D061-67CC-45C7-A204-129E34AFE565}.Release|x64.ActiveCfg = Release|Win32
		{4E266ED1-689D-4315-83D1-48D86D8A5F0B}.Debug|Mixed Platforms.ActiveCfg = Debug|Win32
		{4E266ED1-689D-4315-83D1-48D86D8A5F0B}.Debug|Mixed Platforms.Build.0 = Debug|Win32
		{4E266ED1-689D-4315-83D1-48D86D8A5F0B}.Debug|Win32.ActiveCfg = Debug|Win32
		{4E266ED1-689D-4315-83D1-48D86D8A5F0B}.Debug|Win32.Build.0 = Debug|Win32
		{4E266ED1-689D-4315-83D1-48D86D8A5F0B}.Debug|x64.ActiveCfg = Debug|Win32
		{4E266ED1-689D-4315-83D1-48D86D8A5F0B}.Release|Mixed Platforms.ActiveCfg = Release|Win32
		{4E266ED1-689D-4315-83D1-48D86D8A5F0B}.Release|Mixed Platforms.Build.0 = Release|Win32
		{4E266ED1-689D-4315-83D1-48D86D8A5F0B}.Release|Win32.ActiveCfg = Release|Win32
		{4E266ED1-689D-4315-83D1-48D86D8A5F0B}.Release|Win32.Build.0 = Release|Win32
		{4E266ED1-689D-4315-83D1-48D86D8A5F0B}.Release|x64.ActiveCfg = Release|Win32
		{F5E4D5F7-6BB4-4C80-95F1-E76B569FD20C}.Debug|Mixed Platforms.ActiveCfg = Debug|Win32
		{F5E4D5F7-6BB4-4C80-95F1-E76B569FD20C}.Debug|Mixed Platforms.Build.0 = Debug|Win32
		{F5E4D5F7-6BB4-4C80-95F1-E76B569FD20C}.Debug|Win32.ActiveCfg = Debug|Win32
		{F5E4D5F7-6BB4-4C80-95F1-E76B569FD20C}.Debug|Win32.Build.0 = Debug|Win32
		{F5E4D5F7-6BB4-4C80-95F1-E76B569FD20C}.Debug|x64.ActiveCfg = Debug|Win32
		{F5E4D5F7-6BB4-4C80-95F1-E76B569FD20C}.Release|Mixed Platforms.ActiveCfg = Release|Win32
		{F5E4D5F7-6BB4-4C80-95F1-E76B569FD20C}.Release|Mixed Platforms.Build.0 = Release|Win32
		{F5E4D5F7-6BB4-4C80-95F1-E76B569FD20C}.Release|Win32.ActiveCfg = Release|Win32
		{F5E4D5F7-6BB4-4C80-95F1-E76B569FD20C}.Release|Win32.Build.0 = Release|Win32
		{F5E4D5F7-6BB4-4C80-95F1-E76B569FD20C}.Release|x64.ActiveCfg = Release|Win32
		{62E9B970-E622-4CB6-B5A3-5876DAC6441C}.Debug|Mixed Platforms.ActiveCfg = Debug|Win32
		{62E9B970-E622-4CB6-B5A3-5876DAC6441C}.Debug|Mixed Platforms.Build.0 = Debug|Win32
		{62E9B970-E622-4CB6-B5A3-5876DAC6441C}.Debug|Win32.ActiveCfg = Debug|Win32
		{62E9B970-E622-4CB6-B5A3-5876DAC6441C}.Debug|Win32.Build.0 = Debug|Win32
		{62E9B970-E622-4CB6-B5A3-5876DAC6441C}.Debug|x64.ActiveCfg = Debug|Win32
		{62E9B970-E622-4CB6-B5A3-5876DAC6441C}.Release|Mixed Platforms.ActiveCfg = Release|Win32
		{62E9B970-E622-4CB6-B5A3-5876DAC6441C}.Release|Mixed Platforms.Build.0 = Release|Win32
		{62E9B970-E622-4CB6-B5A3-5876DAC6441C}.Release|Win32.ActiveCfg = Release|Win32
		{62E9B970-E622-4CB6-B5A3-5876DAC6441C}.Release|Win32.Build.0 = Release|Win32
		{62E9B970-E622-4CB6-B5A3-5876DAC6441C}.Release|x64.ActiveCfg = Release|Win32
		{FD539F90-8A82-45B6-852F-AEFE536C88FE}.Debug|Mixed Platforms.ActiveCfg = Debug|x64
		{FD539F90-8A82-45B6-852F-AEFE536C88FE}.Debug|Mixed Platforms.Build.0 = Debug|x64
		{FD539F90-8A82-45B6-852F-AEFE536C88FE}.Debug|Win32.ActiveCfg = Debug|x64
		{FD539F90-8A82-45B6-852F-AEFE536C88FE}.Debug|x64.ActiveCfg = Debug|x64
		{FD539F90-8A82-45B6-852F-AEFE536C88FE}.Debug|x64.Build.0 = Debug|x64
		{FD539F90-8A82-45B6-852F-AEFE536C88FE}.Release|Mixed Platforms.ActiveCfg = Release|x64
		{FD539F90-8A82-45B6-852F-AEFE536C88FE}.Release|Mixed Platforms.Build.0 = Release|x64
		{FD539F90-8A82-45B6-852F-AEFE536C88FE}.Release|Win32.ActiveCfg = Release|x64
		{FD539F90-8A82-45B6-852F-AEFE536C88FE}.Release|x64.ActiveCfg = Release|x64
		{FD539F90-8A82-45B6-852F-AEFE536C88FE}.Release|x64.Build.0 = Release|x64
		{BF191012-3493-4169-B601-9E38546FCA7B}.Debug|Mixed Platforms.ActiveCfg = Debug|x64
		{BF191012-3493-4169-B601-9E38546FCA7B}.Debug|Mixed Platforms.Build.0 = Debug|x64
		{BF191012-3493-4169-B601-9E38546FCA7B}.Debug|Win32.ActiveCfg = Debug|x64
		{BF191012-3493-4169-B601-9E38546FCA7B}.Debug|x64.ActiveCfg = Debug|x64
		{BF191012-3493-4169-B601-9E38546FCA7B}.Debug|x64.Build.0 = Debug|x64
		{BF191012-3493-4169-B601-9E38546FCA7B}.Release|Mixed Platforms.ActiveCfg = Release|x64
		{BF191012-3493-4169-B601-9E38546FCA7B}.Release|Mixed Platforms.Build.0 = Release|x64
		{BF191012-3493-4169-B601-9E38546FCA7B}.Release|Win32.ActiveCfg = Release|x64
		{BF191012-3493-4169-B601-9E38546FCA7B}.Release|x64.ActiveCfg = Release|x64
		{BF191012-3493-4169-B601-9E38546FCA7B}.Release|x64.Build.0 = Release|x64
		{B9471629-D4FB-4BA2-B363-4EE713880E46}.Debug|Mixed Platforms.ActiveCfg = Debug|x64
		{B9471629-D4FB-4BA2-B363-4EE713880E46}.Debug|Mixed Platforms.Build.0 = Debug|x64
		{B9471629-D4FB-4BA2-B363-4EE713880E46}.Debug|Win32.ActiveCfg = Debug|x64
		{B9471629-D4FB-4BA2-B363-4EE713880E46}.Debug|x64.ActiveCfg = Debug|x64
		{B9471629-D4FB-4BA2-B363-4EE713880E46}.Debug|x64.Build.0 = Debug|x64
		{B9471629-D4FB-4BA2-B363-4EE713880E46}.Release|Mixed Platforms.ActiveCfg = Release|x64
		{B9471629-D4FB-4BA2-B363-4EE713880E46}.Release|Mixed Platforms.Build.0 = Release|x64
		{B9471629-D4FB-4BA2-B363-4EE713880E46}.Release|Win32.ActiveCfg = Release|x64
		{B9471629-D4FB-4BA2-B363-4EE713880E46}.Release|x64.ActiveCfg = Release|x64
		{B9471629-D4FB-4BA2-B363-4EE713880E46}.Release|x64.Build.0 = Release|x64
		{8816109D-8A30-4DCA-8ACF-96657073A568}.Debug|Mixed Platforms.ActiveCfg = Debug|x64
		{8816109D-8A30-4DCA-8ACF-96657073A568}.Debug|Mixed Platforms.Build.0 = Debug|x64
		{8816109D-8A30-4DCA-8ACF-96657073A568}.Debug|Win32.ActiveCfg = Debug|x64
		{8816109D-8A30-4DCA-8ACF-96657073A568}.Debug|x64.ActiveCfg = Debug|x64
		{8816109D-8A30-4DCA-8ACF-96657073A568}.Debug|x64.Build.0 = Debug|x64
		{8816109D-8A30-4DCA-8ACF-96657073A568}.Release|Mixed Platforms.ActiveCfg = Release|x64
		{8816109D-8A30-4DCA-8ACF-96657073A568}.Release|Mixed Platforms.Build.0 = Release|x64
		{8816109D-8A30-4DCA-8ACF-96657073A568}.Release|Win32.ActiveCfg = Release|x64
		{8816109D-8A30-4DCA-8ACF-96657073A568}.Release|x64.ActiveCfg = Release|x64
		{8816109D-8A30-4DCA-8ACF-96657073A568}.Release|x64.Build.0 = Release|x64
		{3B30E429-45AA-4590-A3C6-DF50D4B7C7F3}.Debug|Mixed Platforms.ActiveCfg = Debug|x64
		{3B30E429-45AA-4590-A3C6-DF50D4B7C7F3}.Debug|Mixed Platforms.Build.0 = Debug|x64
		{3B30E429-45AA-4590-A3C6-DF50D4B7C7F3}.Debug|Win32.ActiveCfg = Debug|x64
		{3B30E429-45AA-4590-A3C6-DF50D4B7C7F3}.Debug|x64.ActiveCfg = Debug|x64
		{3B30E429-45AA-4590-A3C6-DF50D4B7C7F3}.Debug|x64.Build.0 = Debug|x64
		{3B30E429-45AA-4590-A3C6-DF50D4B7C7F3}.Release|Mixed Platforms.ActiveCfg = Release|x64
		{3B30E429-45AA-4590-A3C6-DF50D4B7C7F3}.Release|Mixed Platforms.Build.0 = Release|x64
		{3B30E429-45AA-4590-A3C6-DF50D4B7C7F3}.Release|Win32.ActiveCfg = Release|x64
		{3B30E429-45AA-4590-A3C6-DF50D4B7C7F3}.Release|x64.ActiveCfg = Release|x64
		{3B30E429-45AA-4590-A3C6-DF50D4B7C7F3}.Release|x64.Build.0 = Release|x64
		{745BBC3A-941C-48B4-B476-94B6C7E32B2E}.Debug|Mixed Platforms.ActiveCfg = Debug|x64
		{745BBC3A-941C-48B4-B476-94B6C7E32B2E}.Debug|Mixed Platforms.Build.0 = Debug|x64
		{745BBC3A-941C-48B4-B476-94B6C7E32B2E}.Debug|Win32.ActiveCfg = Debug|x64
		{745BBC3A-941C-48B4-B476-94B6C7E32B2E}.Debug|x64.ActiveCfg = Debug|x64
		{745BBC3A-941C-48B4-B476-94B6C7E32B2E}.Debug|x64.Build.0 = Debug|x64
		{745BBC3A-941C-48B4-B476-94B6C7E32B2E}.Release|Mixed Platforms.ActiveCfg = Release|x64
		{745BBC3A-941C-48B4-B476-94B6C7E32B2E}.Release|Mixed Platforms.Build.0 = Release|x64
		{745BBC3A-941C-48B4-B476-94B6C7E32B2E}.Release|Win32.ActiveCfg = Release|x64
		{745BBC3A-941C-48B4-B476-94B6C7E32B2E}.Release|x64.ActiveCfg = Release|x64
		{745BBC3A-941C-48B4-B476-94B6C7E32B2E}.Release|x64.Build.0 = Release|x64
		{87901042-C740-4A98-9E96-BC5BA6A01845}.Debug|Mixed Platforms.ActiveCfg = Debug|x64
		{87901042-C740-4A98-9E96-BC5BA6A01845}.Debug|Mixed Platforms.Build.0 = Debug|x64
		{87901042-C740-4A98-9E96-BC5BA6A01845}.Debug|Win32.ActiveCfg = Debug|x64
		{87901042-C740-4A98-9E96-BC5BA6A01845}.Debug|x64.ActiveCfg = Debug|x64
		{87901042-C740-4A98-9E96-BC5BA6A01845}.Debug|x64.Build.0 = Debug|x64
		{87901042-C740-4A98-9E96-BC5BA6A01845}.Release|Mixed Platforms.ActiveCfg = Release|x64
		{87901042-C740-4A98-9E96-BC5BA6A01845}.Release|Mixed Platforms.Build.0 = Release|x64
		{87901042-C740-4A98-9E96-BC5BA6A01845}.Release|Win32.ActiveCfg = Release|x64
		{87901042-C740-4A98-9E96-BC5BA6A01845}.Release|x64.ActiveCfg = Release|x64
		{87901042-C740-4A98-9E96-BC5BA6A01845}.Release|x64.Build.0 = Release|x64
		{4E9ED0D6-FC9A-494D-845A-41D4710F03B3}.Debug|Mixed Platforms.ActiveCfg = Debug|Win32
		{4E9ED0D6-FC9A-494D-845A-41D4710F03B3}.Debug|Mixed Platforms.Build.0 = Debug|Win32
		{4E9ED0D6-FC9A-494D-845A-41D4710F03B3}.Debug|Win32.ActiveCfg = Debug|Win32
		{4E9ED0D6-FC9A-494D-845A-41D4710F03B3}.Debug|Win32.Build.0 = Debug|Win32
		{4E9ED0D6-FC9A-494D-845A-41D4710F03B3}.Debug|x64.ActiveCfg = Debug|Win32
		{4E9ED0D6-FC9A-494D-845A-41D4710F03B3}.Release|Mixed Platforms.ActiveCfg = Release|Win32
		{4E9ED0D6-FC9A-494D-845A-41D4710F03B3}.Release|Mixed Platforms.Build.0 = Release|Win32
		{4E9ED0D6-FC9A-494D-845A-41D4710F03B3}.Release|Win32.ActiveCfg = Release|Win32
		{4E9ED0D6-FC9A-494D-845A-41D4710F03B3}.Release|Win32.Build.0 = Release|Win32
		{4E9ED0D6-FC9A-494D-845A-41D4710F03B3}.Release|x64.ActiveCfg = Release|Win32
		{6BBAB4C0-40B8-4AD9-8B04-AFF0E9C4F93B}.Debug|Mixed Platforms.ActiveCfg = Debug|x64
		{6BBAB4C0-40B8-4AD9-8B04-AFF0E9C4F93B}.Debug|Mixed Platforms.Build.0 = Debug|x64
		{6BBAB4C0-40B8-4AD9-8B04-AFF0E9C4F93B}.Debug|Win32.ActiveCfg = Debug|x64
		{6BBAB4C0-40B8-4AD9-8B04-AFF0E9C4F93B}.Debug|x64.ActiveCfg = Debug|x64
		{6BBAB4C0-40B8-4AD9-8B04-AFF0E9C4F93B}.Debug|x64.Build.0 = Debug|x64
		{6BBAB4C0-40B8-4AD9-8B04-AFF0E9C4F93B}.Release|Mixed Platforms.ActiveCfg = Release|x64
		{6BBAB4C0-40B8-4AD9-8B04-AFF0E9C4F93B}.Release|Mixed Platforms.Build.0 = Release|x64
		{6BBAB4C0-40B8-4AD9-8B04-AFF0E9C4F93B}.Release|Win32.ActiveCfg = Release|x64
		{6BBAB4C0-40B8-4AD9-8B04-AFF0E9C4F93B}.Release|x64.ActiveCfg = Release|x64
		{6BBAB4C0-40B8-4AD9-8B04-AFF0E9C4F93B}.Release|x64.Build.0 = Release|x64
		{7F87987A-1643-4A5E-9777-0A761BDBA4AE}.Debug|Mixed Platforms.ActiveCfg = Debug|x64
		{7F87987A-1643-4A5E-9777-0A761BDBA4AE}.Debug|Mixed Platforms.Build.0 = Debug|x64
		{7F87987A-1643-4A5E-9777-0A761BDBA4AE}.Debug|Win32.ActiveCfg = Debug|x64
		{7F87987A-1643-4A5E-9777-0A761BDBA4AE}.Debug|x64.ActiveCfg = Debug|x64
		{7F87987A-1643-4A5E-9777-0A761BDBA4AE}.Debug|x64.Build.0 = Debug|x64
		{7F87987A-1643-4A5E-9777-0A761BDBA4AE}.Release|Mixed Platforms.ActiveCfg = Release|x64
		{7F87987A-1643-4A5E-9777-0A761BDBA4AE}.Release|Mixed Platforms.Build.0 = Release|x64
		{7F87987A-1643-4A5E-9777-0A761BDBA4AE}.Release|Win32.ActiveCfg = Release|x64
		{7F87987A-1643-4A5E-9777-0A761BDBA4AE}.Release|x64.ActiveCfg = Release|x64
		{7F87987A-1643-4A5E-9777-0A761BDBA4AE}.Release|x64.Build.0 = Release|x64
		{90C15394-3D32-4788-B58E-63A49A215705}.Debug|Mixed Platforms.ActiveCfg = Debug|x64
		{90C15394-3D32-4788-B58E-63A49A215705}.Debug|Mixed Platforms.Build.0 = Debug|x64
		{90C15394-3D32-4788-B58E-63A49A215705}.Debug|Win32.ActiveCfg = Debug|x64
		{90C15394-3D32-4788-B58E-63A49A215705}.Debug|x64.ActiveCfg = Debug|x64
		{90C15394-3D32-4788-B58E-63A49A215705}.Debug|x64.Build.0 = Debug|x64
		{90C15394-3D32-4788-B58E-63A49A215705}.Release|Mixed Platforms.ActiveCfg = Release|x64
		{90C15394-3D32-4788-B58E-63A49A215705}.Release|Mixed Platforms.Build.0 = Release|x64
		{90C15394-3D32-4788-B58E-63A49A215705}.Release|Win32.ActiveCfg = Release|x64
		{90C15394-3D32-4788-B58E-63A49A215705}.Release|x64.ActiveCfg = Release|x64
		{90C15394-3D32-4788-B58E-63A49A215705}.Release|x64.Build.0 = Release|x64
		{C99541B1-EEA1-468F-ACB0-22875FE2F4BB}.Debug|Mixed Platforms.ActiveCfg = Debug|x64
		{C99541B1-EEA1-468F-ACB0-22875FE2F4BB}.Debug|Mixed Platforms.Build.0 = Debug|x64
		{C99541B1-EEA1-468F-ACB0-22875FE2F4BB}.Debug|Win32.ActiveCfg = Debug|x64
		{C99541B1-EEA1-468F-ACB0-22875FE2F4BB}.Debug|x64.ActiveCfg = Debug|x64
		{C99541B1-EEA1-468F-ACB0-22875FE2F4BB}.Debug|x64.Build.0 = Debug|x64
		{C99541B1-EEA1-468F-ACB0-22875FE2F4BB}.Release|Mixed Platforms.ActiveCfg = Release|x64
		{C99541B1-EEA1-468F-ACB0-22875FE2F4BB}.Release|Mixed Platforms.Build.0 = Release|x64
		{C99541B1-EEA1-468F-ACB0-22875FE2F4BB}.Release|Win32.ActiveCfg = Release|x64
		{C99541B1-EEA1-468F-ACB0-22875FE2F4BB}.Release|x64.ActiveCfg = Release|x64
		{C99541B1-EEA1-468F-ACB0-22875FE2F4BB}.Release|x64.Build.0 = Release|x64
		{126C2E6E-9ECE-4E40-9966-C12352F41941}.Debug|Mixed Platforms.ActiveCfg = Debug|Win32
		{126C2E6E-9ECE-4E40-9966-C12352F41941}.Debug|Mixed Platforms.Build.0 = Debug|Win32
		{126C2E6E-9ECE-4E40-9966-C12352F41941}.Debug|Win32.ActiveCfg = Debug|x64
		{126C2E6E-9ECE-4E40-9966-C12352F41941}.Debug|x64.ActiveCfg = Debug|x64
		{126C2E6E-9ECE-4E40-9966-C12352F41941}.Debug|x64.Build.0 = Debug|x64
		{126C2E6E-9ECE-4E40-9966-C12352F41941}.Release|Mixed Platforms.ActiveCfg = Release|x64
		{126C2E6E-9ECE-4E40-9966-C12352F41941}.Release|Mixed Platforms.Build.0 = Release|x64
		{126C2E6E-9ECE-4E40-9966-C12352F41941}.Release|Win32.ActiveCfg = Release|x64
		{126C2E6E-9ECE-4E40-9966-C12352F41941}.Release|x64.ActiveCfg = Release|x64
		{126C2E6E-9ECE-4E40-9966-C12352F41941}.Release|x64.Build.0 = Release|x64
		{33122918-B78B-4841-8598-FD8B4CA79BB4}.Debug|Mixed Platforms.ActiveCfg = Debug|Win32
		{33122918-B78B-4841-8598-FD8B4CA79BB4}.Debug|Mixed Platforms.Build.0 = Debug|Win32
		{33122918-B78B-4841-8598-FD8B4CA79BB4}.Debug|Win32.ActiveCfg = Debug|Win32
		{33122918-B78B-4841-8598-FD8B4CA79BB4}.Debug|Win32.Build.0 = Debug|Win32
		{33122918-B78B-4841-8598-FD8B4CA79BB4}.Debug|x64.ActiveCfg = Debug|x64
		{33122918-B78B-4841-8598-FD8B4CA79BB4}.Debug|x64.Build.0 = Debug|x64
		{33122918-B78B-4841-8598-FD8B4CA79BB4}.Release|Mixed Platforms.ActiveCfg = Release|Win32
		{33122918-B78B-4841-8598-FD8B4CA79BB4}.Release|Mixed Platforms.Build.0 = Release|Win32
		{33122918-B78B-4841-8598-FD8B4CA79BB4}.Release|Win32.ActiveCfg = Release|Win32
		{33122918-B78B-4841-8598-FD8B4CA79BB4}.Release|Win32.Build.0 = Release|Win32
		{33122918-B78B-4841-8598-FD8B4CA79BB4}.Release|x64.ActiveCfg = Release|x64
		{33122918-B78B-4841-8598-FD8B4CA79BB4}.Release|x64.Build.0 = Release|x64
		{B6AC0A8A-35A5-4A9C-9547-A1A7786B115A}.Debug|Mixed Platforms.ActiveCfg = Debug|Win32
		{B6AC0A8A-35A5-4A9C-9547-A1A7786B115A}.Debug|Mixed Platforms.Build.0 = Debug|Win32
		{B6AC0A8A-35A5-4A9C-9547-A1A7786B115A}.Debug|Win32.ActiveCfg = Debug|Win32
		{B6AC0A8A-35A5-4A9C-9547-A1A7786B115A}.Debug|Win32.Build.0 = Debug|Win32
		{B6AC0A8A-35A5-4A9C-9547-A1A7786B115A}.Debug|x64.ActiveCfg = Debug|x64
		{B6AC0A8A-35A5-4A9C-9547-A1A7786B115A}.Debug|x64.Build.0 = Debug|x64
		{B6AC0A8A-35A5-4A9C-9547-A1A7786B115A}.Release|Mixed Platforms.ActiveCfg = Release|Win32
		{B6AC0A8A-35A5-4A9C-9547-A1A7786B115A}.Release|Mixed Platforms.Build.0 = Release|Win32
		{B6AC0A8A-35A5-4A9C-9547-A1A7786B115A}.Release|Win32.ActiveCfg = Release|Win32
		{B6AC0A8A-35A5-4A9C-9547-A1A7786B115A}.Release|Win32.Build.0 = Release|Win32
		{B6AC0A8A-35A5-4A9C-9547-A1A7786B115A}.Release|x64.ActiveCfg = Release|x64
		{B6AC0A8A-35A5-4A9C-9547-A1A7786B115A}.Release|x64.Build.0 = Release|x64
		{63273706-703B-4F6D-A4CA-9BF7226A14B6}.Debug|Mixed Platforms.ActiveCfg = Debug|Win32
		{63273706-703B-4F6D-A4CA-9BF7226A14B6}.Debug|Mixed Platforms.Build.0 = Debug|Win32
		{63273706-703B-4F6D-A4CA-9BF7226A14B6}.Debug|Win32.ActiveCfg = Debug|Win32
		{63273706-703B-4F6D-A4CA-9BF7226A14B6}.Debug|Win32.Build.0 = Debug|Win32
		{63273706-703B-4F6D-A4CA-9BF7226A14B6}.Debug|x64.ActiveCfg = Debug|x64
		{63273706-703B-4F6D-A4CA-9BF7226A14B6}.Debug|x64.Build.0 = Debug|x64
		{63273706-703B-4F6D-A4CA-9BF7226A14B6}.Release|Mixed Platforms.ActiveCfg = Release|Win32
		{63273706-703B-4F6D-A4CA-9BF7226A14B6}.Release|Mixed Platforms.Build.0 = Release|Win32
		{63273706-703B-4F6D-A4CA-9BF7226A14B6}.Release|Win32.ActiveCfg = Release|Win32
		{63273706-703B-4F6D-A4CA-9BF7226A14B6}.Release|Win32.Build.0 = Release|Win32
		{63273706-703B-4F6D-A4CA-9BF7226A14B6}.Release|x64.ActiveCfg = Release|x64
		{63273706-703B-4F6D-A4CA-9BF7226A14B6}.Release|x64.Build.0 = Release|x64
	EndGlobalSection
	GlobalSection(SolutionProperties) = preSolution
		HideSolutionNode = FALSE
	EndGlobalSection
	GlobalSection(NestedProjects) = preSolution
		{FD539F90-8A82-45B6-852F-AEFE536C88FE} = {DB180190-F77F-42D3-B53D-A353674F6A93}
		{BF191012-3493-4169-B601-9E38546FCA7B} = {DB180190-F77F-42D3-B53D-A353674F6A93}
		{B9471629-D4FB-4BA2-B363-4EE713880E46} = {DB180190-F77F-42D3-B53D-A353674F6A93}
		{8816109D-8A30-4DCA-8ACF-96657073A568} = {DB180190-F77F-42D3-B53D-A353674F6A93}
		{3B30E429-45AA-4590-A3C6-DF50D4B7C7F3} = {DB180190-F77F-42D3-B53D-A353674F6A93}
		{745BBC3A-941C-48B4-B476-94B6C7E32B2E} = {DB180190-F77F-42D3-B53D-A353674F6A93}
		{87901042-C740-4A98-9E96-BC5BA6A01845} = {DB180190-F77F-42D3-B53D-A353674F6A93}
	EndGlobalSection
	GlobalSection(ExtensibilityGlobals) = postSolution
		SolutionGuid = {0DDD49F1-9189-439B-BD5E-D8BAE8D7A8CC}
	EndGlobalSection
EndGlobal
